
Microsoft Visual Studio Solution File, Format Version 12.00
# Visual Studio 15
VisualStudioVersion = 15.0.28307.136
MinimumVisualStudioVersion = 10.0.40219.1
Project("{8BC9CEB8-8B4A-11D0-8D11-00A0C91BC942}") = "HelloWorld", "HelloWorld\HelloWorld.vcxproj", "{CA17CEF5-61D2-49BA-9389-3DA1267E35C7}"
EndProject
Project("{8BC9CEB8-8B4A-11D0-8D11-00A0C91BC942}") = "FileOperations", "FileOperations\FileOperations.vcxproj", "{A6784DEB-43E3-4E75-98BD-06C97B6C02E6}"
EndProject
Project("{8BC9CEB8-8B4A-11D0-8D11-00A0C91BC942}") = "RegistryOperations", "RegistryOperations\RegistryOperations.vcxproj", "{427A4449-EEC5-4938-96E5-40AC234588AD}"
EndProject
Project("{8BC9CEB8-8B4A-11D0-8D11-00A0C91BC942}") = "ProcessOperations", "ProcessOperations\ProcessOperations.vcxproj", "{8339BCAF-870B-4139-B98F-9FA5BB7C7DAB}"
EndProject
Global
	GlobalSection(SolutionConfigurationPlatforms) = preSolution
		Debug|ARM = Debug|ARM
		Debug|ARM64 = Debug|ARM64
		Debug|x64 = Debug|x64
		Debug|x86 = Debug|x86
		Release|ARM = Release|ARM
		Release|ARM64 = Release|ARM64
		Release|x64 = Release|x64
		Release|x86 = Release|x86
	EndGlobalSection
	GlobalSection(ProjectConfigurationPlatforms) = postSolution
		{CA17CEF5-61D2-49BA-9389-3DA1267E35C7}.Debug|ARM.ActiveCfg = Debug|ARM
		{CA17CEF5-61D2-49BA-9389-3DA1267E35C7}.Debug|ARM.Build.0 = Debug|ARM
		{CA17CEF5-61D2-49BA-9389-3DA1267E35C7}.Debug|ARM.Deploy.0 = Debug|ARM
		{CA17CEF5-61D2-49BA-9389-3DA1267E35C7}.Debug|ARM64.ActiveCfg = Debug|ARM64
		{CA17CEF5-61D2-49BA-9389-3DA1267E35C7}.Debug|ARM64.Build.0 = Debug|ARM64
		{CA17CEF5-61D2-49BA-9389-3DA1267E35C7}.Debug|ARM64.Deploy.0 = Debug|ARM64
		{CA17CEF5-61D2-49BA-9389-3DA1267E35C7}.Debug|x64.ActiveCfg = Debug|x64
		{CA17CEF5-61D2-49BA-9389-3DA1267E35C7}.Debug|x64.Build.0 = Debug|x64
		{CA17CEF5-61D2-49BA-9389-3DA1267E35C7}.Debug|x64.Deploy.0 = Debug|x64
		{CA17CEF5-61D2-49BA-9389-3DA1267E35C7}.Debug|x86.ActiveCfg = Debug|Win32
		{CA17CEF5-61D2-49BA-9389-3DA1267E35C7}.Debug|x86.Build.0 = Debug|Win32
		{CA17CEF5-61D2-49BA-9389-3DA1267E35C7}.Debug|x86.Deploy.0 = Debug|Win32
		{CA17CEF5-61D2-49BA-9389-3DA1267E35C7}.Release|ARM.ActiveCfg = Release|ARM
		{CA17CEF5-61D2-49BA-9389-3DA1267E35C7}.Release|ARM.Build.0 = Release|ARM
		{CA17CEF5-61D2-49BA-9389-3DA1267E35C7}.Release|ARM.Deploy.0 = Release|ARM
		{CA17CEF5-61D2-49BA-9389-3DA1267E35C7}.Release|ARM64.ActiveCfg = Release|ARM64
		{CA17CEF5-61D2-49BA-9389-3DA1267E35C7}.Release|ARM64.Build.0 = Release|ARM64
		{CA17CEF5-61D2-49BA-9389-3DA1267E35C7}.Release|ARM64.Deploy.0 = Release|ARM64
		{CA17CEF5-61D2-49BA-9389-3DA1267E35C7}.Release|x64.ActiveCfg = Release|x64
		{CA17CEF5-61D2-49BA-9389-3DA1267E35C7}.Release|x64.Build.0 = Release|x64
		{CA17CEF5-61D2-49BA-9389-3DA1267E35C7}.Release|x64.Deploy.0 = Release|x64
		{CA17CEF5-61D2-49BA-9389-3DA1267E35C7}.Release|x86.ActiveCfg = Release|Win32
		{CA17CEF5-61D2-49BA-9389-3DA1267E35C7}.Release|x86.Build.0 = Release|Win32
		{CA17CEF5-61D2-49BA-9389-3DA1267E35C7}.Release|x86.Deploy.0 = Release|Win32
		{A6784DEB-43E3-4E75-98BD-06C97B6C02E6}.Debug|ARM.ActiveCfg = Debug|ARM
		{A6784DEB-43E3-4E75-98BD-06C97B6C02E6}.Debug|ARM.Build.0 = Debug|ARM
		{A6784DEB-43E3-4E75-98BD-06C97B6C02E6}.Debug|ARM.Deploy.0 = Debug|ARM
		{A6784DEB-43E3-4E75-98BD-06C97B6C02E6}.Debug|ARM64.ActiveCfg = Debug|ARM64
		{A6784DEB-43E3-4E75-98BD-06C97B6C02E6}.Debug|ARM64.Build.0 = Debug|ARM64
		{A6784DEB-43E3-4E75-98BD-06C97B6C02E6}.Debug|ARM64.Deploy.0 = Debug|ARM64
		{A6784DEB-43E3-4E75-98BD-06C97B6C02E6}.Debug|x64.ActiveCfg = Debug|x64
		{A6784DEB-43E3-4E75-98BD-06C97B6C02E6}.Debug|x64.Build.0 = Debug|x64
		{A6784DEB-43E3-4E75-98BD-06C97B6C02E6}.Debug|x64.Deploy.0 = Debug|x64
		{A6784DEB-43E3-4E75-98BD-06C97B6C02E6}.Debug|x86.ActiveCfg = Debug|Win32
		{A6784DEB-43E3-4E75-98BD-06C97B6C02E6}.Debug|x86.Build.0 = Debug|Win32
		{A6784DEB-43E3-4E75-98BD-06C97B6C02E6}.Debug|x86.Deploy.0 = Debug|Win32
		{A6784DEB-43E3-4E75-98BD-06C97B6C02E6}.Release|ARM.ActiveCfg = Release|ARM
		{A6784DEB-43E3-4E75-98BD-06C97B6C02E6}.Release|ARM.Build.0 = Release|ARM
		{A6784DEB-43E3-4E75-98BD-06C97B6C02E6}.Release|ARM.Deploy.0 = Release|ARM
		{A6784DEB-43E3-4E75-98BD-06C97B6C02E6}.Release|ARM64.ActiveCfg = Release|ARM64
		{A6784DEB-43E3-4E75-98BD-06C97B6C02E6}.Release|ARM64.Build.0 = Release|ARM64
		{A6784DEB-43E3-4E75-98BD-06C97B6C02E6}.Release|ARM64.Deploy.0 = Release|ARM64
		{A6784DEB-43E3-4E75-98BD-06C97B6C02E6}.Release|x64.ActiveCfg = Release|x64
		{A6784DEB-43E3-4E75-98BD-06C97B6C02E6}.Release|x64.Build.0 = Release|x64
		{A6784DEB-43E3-4E75-98BD-06C97B6C02E6}.Release|x64.Deploy.0 = Release|x64
		{A6784DEB-43E3-4E75-98BD-06C97B6C02E6}.Release|x86.ActiveCfg = Release|Win32
		{A6784DEB-43E3-4E75-98BD-06C97B6C02E6}.Release|x86.Build.0 = Release|Win32
		{A6784DEB-43E3-4E75-98BD-06C97B6C02E6}.Release|x86.Deploy.0 = Release|Win32
		{427A4449-EEC5-4938-96E5-40AC234588AD}.Debug|ARM.ActiveCfg = Debug|ARM
		{427A4449-EEC5-4938-96E5-40AC234588AD}.Debug|ARM.Build.0 = Debug|ARM
		{427A4449-EEC5-4938-96E5-40AC234588AD}.Debug|ARM.Deploy.0 = Debug|ARM
		{427A4449-EEC5-4938-96E5-40AC234588AD}.Debug|ARM64.ActiveCfg = Debug|ARM64
		{427A4449-EEC5-4938-96E5-40AC234588AD}.Debug|ARM64.Build.0 = Debug|ARM64
		{427A4449-EEC5-4938-96E5-40AC234588AD}.Debug|ARM64.Deploy.0 = Debug|ARM64
		{427A4449-EEC5-4938-96E5-40AC234588AD}.Debug|x64.ActiveCfg = Debug|x64
		{427A4449-EEC5-4938-96E5-40AC234588AD}.Debug|x64.Build.0 = Debug|x64
		{427A4449-EEC5-4938-96E5-40AC234588AD}.Debug|x64.Deploy.0 = Debug|x64
		{427A4449-EEC5-4938-96E5-40AC234588AD}.Debug|x86.ActiveCfg = Debug|Win32
		{427A4449-EEC5-4938-96E5-40AC234588AD}.Debug|x86.Build.0 = Debug|Win32
		{427A4449-EEC5-4938-96E5-40AC234588AD}.Debug|x86.Deploy.0 = Debug|Win32
		{427A4449-EEC5-4938-96E5-40AC234588AD}.Release|ARM.ActiveCfg = Release|ARM
		{427A4449-EEC5-4938-96E5-40AC234588AD}.Release|ARM.Build.0 = Release|ARM
		{427A4449-EEC5-4938-96E5-40AC234588AD}.Release|ARM.Deploy.0 = Release|ARM
		{427A4449-EEC5-4938-96E5-40AC234588AD}.Release|ARM64.ActiveCfg = Release|ARM64
		{427A4449-EEC5-4938-96E5-40AC234588AD}.Release|ARM64.Build.0 = Release|ARM64
		{427A4449-EEC5-4938-96E5-40AC234588AD}.Release|ARM64.Deploy.0 = Release|ARM64
		{427A4449-EEC5-4938-96E5-40AC234588AD}.Release|x64.ActiveCfg = Release|x64
		{427A4449-EEC5-4938-96E5-40AC234588AD}.Release|x64.Build.0 = Release|x64
		{427A4449-EEC5-4938-96E5-40AC234588AD}.Release|x64.Deploy.0 = Release|x64
		{427A4449-EEC5-4938-96E5-40AC234588AD}.Release|x86.ActiveCfg = Release|Win32
		{427A4449-EEC5-4938-96E5-40AC234588AD}.Release|x86.Build.0 = Release|Win32
		{427A4449-EEC5-4938-96E5-40AC234588AD}.Release|x86.Deploy.0 = Release|Win32
		{8339BCAF-870B-4139-B98F-9FA5BB7C7DAB}.Debug|ARM.ActiveCfg = Debug|ARM
		{8339BCAF-870B-4139-B98F-9FA5BB7C7DAB}.Debug|ARM.Build.0 = Debug|ARM
		{8339BCAF-870B-4139-B98F-9FA5BB7C7DAB}.Debug|ARM.Deploy.0 = Debug|ARM
		{8339BCAF-870B-4139-B98F-9FA5BB7C7DAB}.Debug|ARM64.ActiveCfg = Debug|ARM64
		{8339BCAF-870B-4139-B98F-9FA5BB7C7DAB}.Debug|ARM64.Build.0 = Debug|ARM64
		{8339BCAF-870B-4139-B98F-9FA5BB7C7DAB}.Debug|ARM64.Deploy.0 = Debug|ARM64
		{8339BCAF-870B-4139-B98F-9FA5BB7C7DAB}.Debug|x64.ActiveCfg = Debug|x64
		{8339BCAF-870B-4139-B98F-9FA5BB7C7DAB}.Debug|x64.Build.0 = Debug|x64
		{8339BCAF-870B-4139-B98F-9FA5BB7C7DAB}.Debug|x64.Deploy.0 = Debug|x64
		{8339BCAF-870B-4139-B98F-9FA5BB7C7DAB}.Debug|x86.ActiveCfg = Debug|Win32
		{8339BCAF-870B-4139-B98F-9FA5BB7C7DAB}.Debug|x86.Build.0 = Debug|Win32
		{8339BCAF-870B-4139-B98F-9FA5BB7C7DAB}.Debug|x86.Deploy.0 = Debug|Win32
		{8339BCAF-870B-4139-B98F-9FA5BB7C7DAB}.Release|ARM.ActiveCfg = Release|ARM
		{8339BCAF-870B-4139-B98F-9FA5BB7C7DAB}.Release|ARM.Build.0 = Release|ARM
		{8339BCAF-870B-4139-B98F-9FA5BB7C7DAB}.Release|ARM.Deploy.0 = Release|ARM
		{8339BCAF-870B-4139-B98F-9FA5BB7C7DAB}.Release|ARM64.ActiveCfg = Release|ARM64
		{8339BCAF-870B-4139-B98F-9FA5BB7C7DAB}.Release|ARM64.Build.0 = Release|ARM64
		{8339BCAF-870B-4139-B98F-9FA5BB7C7DAB}.Release|ARM64.Deploy.0 = Release|ARM64
		{8339BCAF-870B-4139-B98F-9FA5BB7C7DAB}.Release|x64.ActiveCfg = Release|x64
		{8339BCAF-870B-4139-B98F-9FA5BB7C7DAB}.Release|x64.Build.0 = Release|x64
		{8339BCAF-870B-4139-B98F-9FA5BB7C7DAB}.Release|x64.Deploy.0 = Release|x64
		{8339BCAF-870B-4139-B98F-9FA5BB7C7DAB}.Release|x86.ActiveCfg = Release|Win32
		{8339BCAF-870B-4139-B98F-9FA5BB7C7DAB}.Release|x86.Build.0 = Release|Win32
		{8339BCAF-870B-4139-B98F-9FA5BB7C7DAB}.Release|x86.Deploy.0 = Release|Win32
	EndGlobalSection
	GlobalSection(SolutionProperties) = preSolution
		HideSolutionNode = FALSE
	EndGlobalSection
	GlobalSection(ExtensibilityGlobals) = postSolution
		SolutionGuid = {3BC5BC2A-D75C-4856-B62C-3167F6FE0B2B}
	EndGlobalSection
EndGlobal
